
Microsoft Visual Studio Solution File, Format Version 12.00
# Visual Studio Version 16
VisualStudioVersion = 16.0.29230.47
MinimumVisualStudioVersion = 10.0.40219.1
Project("{FAE04EC0-301F-11D3-BF4B-00C04F79EFBC}") = "StrategicPatternExample", "StrategicPatternExample\StrategicPatternExample.csproj", "{2C727E88-E14E-450F-81D4-438170DD54EB}"
EndProject
Global
	GlobalSection(SolutionConfigurationPlatforms) = preSolution
		Debug|Any CPU = Debug|Any CPU
		Release|Any CPU = Release|Any CPU
	EndGlobalSection
	GlobalSection(ProjectConfigurationPlatforms) = postSolution
		{2C727E88-E14E-450F-81D4-438170DD54EB}.Debug|Any CPU.ActiveCfg = Debug|Any CPU
		{2C727E88-E14E-450F-81D4-438170DD54EB}.Debug|Any CPU.Build.0 = Debug|Any CPU
		{2C727E88-E14E-450F-81D4-438170DD54EB}.Release|Any CPU.ActiveCfg = Release|Any CPU
		{2C727E88-E14E-450F-81D4-438170DD54EB}.Release|Any CPU.Build.0 = Release|Any CPU
	EndGlobalSection
	GlobalSection(SolutionProperties) = preSolution
		HideSolutionNode = FALSE
	EndGlobalSection
	GlobalSection(ExtensibilityGlobals) = postSolution
		SolutionGuid = {94BF5587-1C9C-430B-B731-4F5750CC2354}
	EndGlobalSection
EndGlobal
